# generated by rye
# use `rye lock` or `rye sync` to update this lockfile
#
# last locked with the following flags:
#   pre: false
#   features: []
#   all-features: false
#   with-sources: false
#   generate-hashes: false
#   universal: false

-e file:.
anyio==4.4.0
    # via httpx
certifi==2024.7.4
    # via httpcore
    # via httpx
    # via requests
cffi==1.16.0
    # via cryptography
    # via pynacl
charset-normalizer==3.3.2
    # via requests
cryptography==42.0.8
    # via pyjwt
deprecated==1.2.14
    # via pygithub
h11==0.14.0
    # via httpcore
httpcore==1.0.5
    # via httpx
httpx==0.27.0
idna==3.7
    # via anyio
    # via httpx
    # via requests
pycparser==2.22
    # via cffi
pygithub==2.3.0
    # via github-actions-self-hosted-runner-container
pyjwt==2.8.0
    # via pygithub
pynacl==1.5.0
    # via pygithub
requests==2.32.3
    # via pygithub
sniffio==1.3.1
    # via anyio
    # via httpx
typing-extensions==4.12.2
    # via pygithub
urllib3==2.2.2
    # via pygithub
    # via requests
wrapt==1.16.0
    # via deprecated
